
Microsoft Visual Studio Solution File, Format Version 12.00
# Visual Studio Version 17
VisualStudioVersion = 17.5.33530.505
MinimumVisualStudioVersion = 10.0.40219.1
Project("{FAE04EC0-301F-11D3-BF4B-00C04F79EFBC}") = "project--design", "project--design\project--design.csproj", "{D359464F-DFEE-4F8A-99A8-1DB5D1803A02}"
EndProject
Global
	GlobalSection(SolutionConfigurationPlatforms) = preSolution
		Debug|Any CPU = Debug|Any CPU
		Release|Any CPU = Release|Any CPU
	EndGlobalSection
	GlobalSection(ProjectConfigurationPlatforms) = postSolution
		{D359464F-DFEE-4F8A-99A8-1DB5D1803A02}.Debug|Any CPU.ActiveCfg = Debug|Any CPU
		{D359464F-DFEE-4F8A-99A8-1DB5D1803A02}.Debug|Any CPU.Build.0 = Debug|Any CPU
		{D359464F-DFEE-4F8A-99A8-1DB5D1803A02}.Release|Any CPU.ActiveCfg = Release|Any CPU
		{D359464F-DFEE-4F8A-99A8-1DB5D1803A02}.Release|Any CPU.Build.0 = Release|Any CPU
	EndGlobalSection
	GlobalSection(SolutionProperties) = preSolution
		HideSolutionNode = FALSE
	EndGlobalSection
	GlobalSection(ExtensibilityGlobals) = postSolution
		SolutionGuid = {3DE521C6-2723-4DB4-8AA9-58B8CE41CF18}
	EndGlobalSection
EndGlobal
